
Microsoft Visual Studio Solution File, Format Version 12.00
# Visual Studio Version 17
VisualStudioVersion = 17.14.36401.2
MinimumVisualStudioVersion = 10.0.40219.1
Project("{FAE04EC0-301F-11D3-BF4B-00C04F79EFBC}") = "SpawnDev.MatrixLEDDisplay", "SpawnDev.MatrixLEDDisplay\SpawnDev.MatrixLEDDisplay.csproj", "{CEF645EF-6A4D-4F47-B118-0B4D184FB354}"
EndProject
Project("{FAE04EC0-301F-11D3-BF4B-00C04F79EFBC}") = "SpawnDev.MatrixLEDDisplay.Demo", "SpawnDev.MatrixLEDDisplay.Demo\SpawnDev.MatrixLEDDisplay.Demo.csproj", "{8CAD6872-1E94-416B-84FF-2F26ACFB30A6}"
EndProject
Global
	GlobalSection(SolutionConfigurationPlatforms) = preSolution
		Debug|Any CPU = Debug|Any CPU
		Release|Any CPU = Release|Any CPU
	EndGlobalSection
	GlobalSection(ProjectConfigurationPlatforms) = postSolution
		{CEF645EF-6A4D-4F47-B118-0B4D184FB354}.Debug|Any CPU.ActiveCfg = Debug|Any CPU
		{CEF645EF-6A4D-4F47-B118-0B4D184FB354}.Debug|Any CPU.Build.0 = Debug|Any CPU
		{CEF645EF-6A4D-4F47-B118-0B4D184FB354}.Release|Any CPU.ActiveCfg = Release|Any CPU
		{CEF645EF-6A4D-4F47-B118-0B4D184FB354}.Release|Any CPU.Build.0 = Release|Any CPU
		{8CAD6872-1E94-416B-84FF-2F26ACFB30A6}.Debug|Any CPU.ActiveCfg = Debug|Any CPU
		{8CAD6872-1E94-416B-84FF-2F26ACFB30A6}.Debug|Any CPU.Build.0 = Debug|Any CPU
		{8CAD6872-1E94-416B-84FF-2F26ACFB30A6}.Release|Any CPU.ActiveCfg = Release|Any CPU
		{8CAD6872-1E94-416B-84FF-2F26ACFB30A6}.Release|Any CPU.Build.0 = Release|Any CPU
	EndGlobalSection
	GlobalSection(SolutionProperties) = preSolution
		HideSolutionNode = FALSE
	EndGlobalSection
	GlobalSection(ExtensibilityGlobals) = postSolution
		SolutionGuid = {3CB06DEF-3B75-4F26-AD00-36FF678A63D2}
	EndGlobalSection
EndGlobal
